// !$*UTF8*$!
{
	archiveVersion = 1;
	classes = {
	};
	objectVersion = 46;
	objects = {

/* Begin PBXBuildFile section */
		22108EFD18F3F5C100B10DB2 /* Foundation.framework in Frameworks */ = {isa = PBXBuildFile; fileRef = 22108EFC18F3F5C100B10DB2 /* Foundation.framework */; };
		22108EFF18F3F5C100B10DB2 /* CoreGraphics.framework in Frameworks */ = {isa = PBXBuildFile; fileRef = 22108EFE18F3F5C100B10DB2 /* CoreGraphics.framework */; };
		22108F0118F3F5C100B10DB2 /* UIKit.framework in Frameworks */ = {isa = PBXBuildFile; fileRef = 22108F0018F3F5C100B10DB2 /* UIKit.framework */; };
		22108F0718F3F5C100B10DB2 /* InfoPlist.strings in Resources */ = {isa = PBXBuildFile; fileRef = 22108F0518F3F5C100B10DB2 /* InfoPlist.strings */; };
		22108F0918F3F5C100B10DB2 /* main.m in Sources */ = {isa = PBXBuildFile; fileRef = 22108F0818F3F5C100B10DB2 /* main.m */; };
		22108F0D18F3F5C100B10DB2 /* DUKAppDelegate.m in Sources */ = {isa = PBXBuildFile; fileRef = 22108F0C18F3F5C100B10DB2 /* DUKAppDelegate.m */; };
		22108F1018F3F5C100B10DB2 /* Main.storyboard in Resources */ = {isa = PBXBuildFile; fileRef = 22108F0E18F3F5C100B10DB2 /* Main.storyboard */; };
		22108F1318F3F5C100B10DB2 /* DUKViewController.m in Sources */ = {isa = PBXBuildFile; fileRef = 22108F1218F3F5C100B10DB2 /* DUKViewController.m */; };
		22108F1518F3F5C100B10DB2 /* Images.xcassets in Resources */ = {isa = PBXBuildFile; fileRef = 22108F1418F3F5C100B10DB2 /* Images.xcassets */; };
		22108F1C18F3F5C200B10DB2 /* XCTest.framework in Frameworks */ = {isa = PBXBuildFile; fileRef = 22108F1B18F3F5C200B10DB2 /* XCTest.framework */; };
		22108F1D18F3F5C200B10DB2 /* Foundation.framework in Frameworks */ = {isa = PBXBuildFile; fileRef = 22108EFC18F3F5C100B10DB2 /* Foundation.framework */; };
		22108F1E18F3F5C200B10DB2 /* UIKit.framework in Frameworks */ = {isa = PBXBuildFile; fileRef = 22108F0018F3F5C100B10DB2 /* UIKit.framework */; };
		22108F2618F3F5C200B10DB2 /* InfoPlist.strings in Resources */ = {isa = PBXBuildFile; fileRef = 22108F2418F3F5C200B10DB2 /* InfoPlist.strings */; };
		22108F2818F3F5C200B10DB2 /* UITableViewController_Challenge_SolutionTests.m in Sources */ = {isa = PBXBuildFile; fileRef = 22108F2718F3F5C200B10DB2 /* UITableViewController_Challenge_SolutionTests.m */; };
/* End PBXBuildFile section */

/* Begin PBXContainerItemProxy section */
		22108F1F18F3F5C200B10DB2 /* PBXContainerItemProxy */ = {
			isa = PBXContainerItemProxy;
			containerPortal = 22108EF118F3F5C100B10DB2 /* Project object */;
			proxyType = 1;
			remoteGlobalIDString = 22108EF818F3F5C100B10DB2;
			remoteInfo = "UITableViewController Challenge Solution";
		};
/* End PBXContainerItemProxy section */

/* Begin PBXFileReference section */
		22108EF918F3F5C100B10DB2 /* UITableViewController Challenge Solution.app */ = {isa = PBXFileReference; explicitFileType = wrapper.application; includeInIndex = 0; path = "UITableViewController Challenge Solution.app"; sourceTree = BUILT_PRODUCTS_DIR; };
		22108EFC18F3F5C100B10DB2 /* Foundation.framework */ = {isa = PBXFileReference; lastKnownFileType = wrapper.framework; name = Foundation.framework; path = System/Library/Frameworks/Foundation.framework; sourceTree = SDKROOT; };
		22108EFE18F3F5C100B10DB2 /* CoreGraphics.framework */ = {isa = PBXFileReference; lastKnownFileType = wrapper.framework; name = CoreGraphics.framework; path = System/Library/Frameworks/CoreGraphics.framework; sourceTree = SDKROOT; };
		22108F0018F3F5C100B10DB2 /* UIKit.framework */ = {isa = PBXFileReference; lastKnownFileType = wrapper.framework; name = UIKit.framework; path = System/Library/Frameworks/UIKit.framework; sourceTree = SDKROOT; };
		22108F0418F3F5C100B10DB2 /* UITableViewController Challenge Solution-Info.plist */ = {isa = PBXFileReference; lastKnownFileType = text.plist.xml; path = "UITableViewController Challenge Solution-Info.plist"; sourceTree = "<group>"; };
		22108F0618F3F5C100B10DB2 /* en */ = {isa = PBXFileReference; lastKnownFileType = text.plist.strings; name = en; path = en.lproj/InfoPlist.strings; sourceTree = "<group>"; };
		22108F0818F3F5C100B10DB2 /* main.m */ = {isa = PBXFileReference; lastKnownFileType = sourcecode.c.objc; path = main.m; sourceTree = "<group>"; };
		22108F0A18F3F5C100B10DB2 /* UITableViewController Challenge Solution-Prefix.pch */ = {isa = PBXFileReference; lastKnownFileType = sourcecode.c.h; path = "UITableViewController Challenge Solution-Prefix.pch"; sourceTree = "<group>"; };
		22108F0B18F3F5C100B10DB2 /* DUKAppDelegate.h */ = {isa = PBXFileReference; lastKnownFileType = sourcecode.c.h; path = DUKAppDelegate.h; sourceTree = "<group>"; };
		22108F0C18F3F5C100B10DB2 /* DUKAppDelegate.m */ = {isa = PBXFileReference; lastKnownFileType = sourcecode.c.objc; path = DUKAppDelegate.m; sourceTree = "<group>"; };
		22108F0F18F3F5C100B10DB2 /* Base */ = {isa = PBXFileReference; lastKnownFileType = file.storyboard; name = Base; path = Base.lproj/Main.storyboard; sourceTree = "<group>"; };
		22108F1118F3F5C100B10DB2 /* DUKViewController.h */ = {isa = PBXFileReference; lastKnownFileType = sourcecode.c.h; path = DUKViewController.h; sourceTree = "<group>"; };
		22108F1218F3F5C100B10DB2 /* DUKViewController.m */ = {isa = PBXFileReference; lastKnownFileType = sourcecode.c.objc; path = DUKViewController.m; sourceTree = "<group>"; };
		22108F1418F3F5C100B10DB2 /* Images.xcassets */ = {isa = PBXFileReference; lastKnownFileType = folder.assetcatalog; path = Images.xcassets; sourceTree = "<group>"; };
		22108F1A18F3F5C200B10DB2 /* UITableViewController Challenge SolutionTests.xctest */ = {isa = PBXFileReference; explicitFileType = wrapper.cfbundle; includeInIndex = 0; path = "UITableViewController Challenge SolutionTests.xctest"; sourceTree = BUILT_PRODUCTS_DIR; };
		22108F1B18F3F5C200B10DB2 /* XCTest.framework */ = {isa = PBXFileReference; lastKnownFileType = wrapper.framework; name = XCTest.framework; path = Library/Frameworks/XCTest.framework; sourceTree = DEVELOPER_DIR; };
		22108F2318F3F5C200B10DB2 /* UITableViewController Challenge SolutionTests-Info.plist */ = {isa = PBXFileReference; lastKnownFileType = text.plist.xml; path = "UITableViewController Challenge SolutionTests-Info.plist"; sourceTree = "<group>"; };
		22108F2518F3F5C200B10DB2 /* en */ = {isa = PBXFileReference; lastKnownFileType = text.plist.strings; name = en; path = en.lproj/InfoPlist.strings; sourceTree = "<group>"; };
		22108F2718F3F5C200B10DB2 /* UITableViewController_Challenge_SolutionTests.m */ = {isa = PBXFileReference; lastKnownFileType = sourcecode.c.objc; path = UITableViewController_Challenge_SolutionTests.m; sourceTree = "<group>"; };
/* End PBXFileReference section */

/* Begin PBXFrameworksBuildPhase section */
		22108EF618F3F5C100B10DB2 /* Frameworks */ = {
			isa = PBXFrameworksBuildPhase;
			buildActionMask = 2147483647;
			files = (
				22108EFF18F3F5C100B10DB2 /* CoreGraphics.framework in Frameworks */,
				22108F0118F3F5C100B10DB2 /* UIKit.framework in Frameworks */,
				22108EFD18F3F5C100B10DB2 /* Foundation.framework in Frameworks */,
			);
			runOnlyForDeploymentPostprocessing = 0;
		};
		22108F1718F3F5C200B10DB2 /* Frameworks */ = {
			isa = PBXFrameworksBuildPhase;
			buildActionMask = 2147483647;
			files = (
				22108F1C18F3F5C200B10DB2 /* XCTest.framework in Frameworks */,
				22108F1E18F3F5C200B10DB2 /* UIKit.framework in Frameworks */,
				22108F1D18F3F5C200B10DB2 /* Foundation.framework in Frameworks */,
			);
			runOnlyForDeploymentPostprocessing = 0;
		};
/* End PBXFrameworksBuildPhase section */

/* Begin PBXGroup section */
		22108EF018F3F5C100B10DB2 = {
			isa = PBXGroup;
			children = (
				22108F0218F3F5C100B10DB2 /* UITableViewController Challenge Solution */,
				22108F2118F3F5C200B10DB2 /* UITableViewController Challenge SolutionTests */,
				22108EFB18F3F5C100B10DB2 /* Frameworks */,
				22108EFA18F3F5C100B10DB2 /* Products */,
			);
			sourceTree = "<group>";
		};
		22108EFA18F3F5C100B10DB2 /* Products */ = {
			isa = PBXGroup;
			children = (
				22108EF918F3F5C100B10DB2 /* UITableViewController Challenge Solution.app */,
				22108F1A18F3F5C200B10DB2 /* UITableViewController Challenge SolutionTests.xctest */,
			);
			name = Products;
			sourceTree = "<group>";
		};
		22108EFB18F3F5C100B10DB2 /* Frameworks */ = {
			isa = PBXGroup;
			children = (
				22108EFC18F3F5C100B10DB2 /* Foundation.framework */,
				22108EFE18F3F5C100B10DB2 /* CoreGraphics.framework */,
				22108F0018F3F5C100B10DB2 /* UIKit.framework */,
				22108F1B18F3F5C200B10DB2 /* XCTest.framework */,
			);
			name = Frameworks;
			sourceTree = "<group>";
		};
		22108F0218F3F5C100B10DB2 /* UITableViewController Challenge Solution */ = {
			isa = PBXGroup;
			children = (
				22108F0B18F3F5C100B10DB2 /* DUKAppDelegate.h */,
				22108F0C18F3F5C100B10DB2 /* DUKAppDelegate.m */,
				22108F0E18F3F5C100B10DB2 /* Main.storyboard */,
				22108F1118F3F5C100B10DB2 /* DUKViewController.h */,
				22108F1218F3F5C100B10DB2 /* DUKViewController.m */,
				22108F1418F3F5C100B10DB2 /* Images.xcassets */,
				22108F0318F3F5C100B10DB2 /* Supporting Files */,
			);
			path = "UITableViewController Challenge Solution";
			sourceTree = "<group>";
		};
		22108F0318F3F5C100B10DB2 /* Supporting Files */ = {
			isa = PBXGroup;
			children = (
				22108F0418F3F5C100B10DB2 /* UITableViewController Challenge Solution-Info.plist */,
				22108F0518F3F5C100B10DB2 /* InfoPlist.strings */,
				22108F0818F3F5C100B10DB2 /* main.m */,
				22108F0A18F3F5C100B10DB2 /* UITableViewController Challenge Solution-Prefix.pch */,
			);
			name = "Supporting Files";
			sourceTree = "<group>";
		};
		22108F2118F3F5C200B10DB2 /* UITableViewController Challenge SolutionTests */ = {
			isa = PBXGroup;
			children = (
				22108F2718F3F5C200B10DB2 /* UITableViewController_Challenge_SolutionTests.m */,
				22108F2218F3F5C200B10DB2 /* Supporting Files */,
			);
			path = "UITableViewController Challenge SolutionTests";
			sourceTree = "<group>";
		};
		22108F2218F3F5C200B10DB2 /* Supporting Files */ = {
			isa = PBXGroup;
			children = (
				22108F2318F3F5C200B10DB2 /* UITableViewController Challenge SolutionTests-Info.plist */,
				22108F2418F3F5C200B10DB2 /* InfoPlist.strings */,
			);
			name = "Supporting Files";
			sourceTree = "<group>";
		};
/* End PBXGroup section */

/* Begin PBXNativeTarget section */
		22108EF818F3F5C100B10DB2 /* UITableViewController Challenge Solution */ = {
			isa = PBXNativeTarget;
			buildConfigurationList = 22108F2B18F3F5C200B10DB2 /* Build configuration list for PBXNativeTarget "UITableViewController Challenge Solution" */;
			buildPhases = (
				22108EF518F3F5C100B10DB2 /* Sources */,
				22108EF618F3F5C100B10DB2 /* Frameworks */,
				22108EF718F3F5C100B10DB2 /* Resources */,
			);
			buildRules = (
			);
			dependencies = (
			);
			name = "UITableViewController Challenge Solution";
			productName = "UITableViewController Challenge Solution";
			productReference = 22108EF918F3F5C100B10DB2 /* UITableViewController Challenge Solution.app */;
			productType = "com.apple.product-type.application";
		};
		22108F1918F3F5C200B10DB2 /* UITableViewController Challenge SolutionTests */ = {
			isa = PBXNativeTarget;
			buildConfigurationList = 22108F2E18F3F5C200B10DB2 /* Build configuration list for PBXNativeTarget "UITableViewController Challenge SolutionTests" */;
			buildPhases = (
				22108F1618F3F5C200B10DB2 /* Sources */,
				22108F1718F3F5C200B10DB2 /* Frameworks */,
				22108F1818F3F5C200B10DB2 /* Resources */,
			);
			buildRules = (
			);
			dependencies = (
				22108F2018F3F5C200B10DB2 /* PBXTargetDependency */,
			);
			name = "UITableViewController Challenge SolutionTests";
			productName = "UITableViewController Challenge SolutionTests";
			productReference = 22108F1A18F3F5C200B10DB2 /* UITableViewController Challenge SolutionTests.xctest */;
			productType = "com.apple.product-type.bundle.unit-test";
		};
/* End PBXNativeTarget section */

/* Begin PBXProject section */
		22108EF118F3F5C100B10DB2 /* Project object */ = {
			isa = PBXProject;
			attributes = {
				CLASSPREFIX = DUK;
				LastUpgradeCheck = 0510;
				ORGANIZATIONNAME = drewsundkerner;
				TargetAttributes = {
					22108F1918F3F5C200B10DB2 = {
						TestTargetID = 22108EF818F3F5C100B10DB2;
					};
				};
			};
			buildConfigurationList = 22108EF418F3F5C100B10DB2 /* Build configuration list for PBXProject "UITableViewController Challenge Solution" */;
			compatibilityVersion = "Xcode 3.2";
			developmentRegion = English;
			hasScannedForEncodings = 0;
			knownRegions = (
				en,
				Base,
			);
			mainGroup = 22108EF018F3F5C100B10DB2;
			productRefGroup = 22108EFA18F3F5C100B10DB2 /* Products */;
			projectDirPath = "";
			projectRoot = "";
			targets = (
				22108EF818F3F5C100B10DB2 /* UITableViewController Challenge Solution */,
				22108F1918F3F5C200B10DB2 /* UITableViewController Challenge SolutionTests */,
			);
		};
/* End PBXProject section */

/* Begin PBXResourcesBuildPhase section */
		22108EF718F3F5C100B10DB2 /* Resources */ = {
			isa = PBXResourcesBuildPhase;
			buildActionMask = 2147483647;
			files = (
				22108F1518F3F5C100B10DB2 /* Images.xcassets in Resources */,
				22108F0718F3F5C100B10DB2 /* InfoPlist.strings in Resources */,
				22108F1018F3F5C100B10DB2 /* Main.storyboard in Resources */,
			);
			runOnlyForDeploymentPostprocessing = 0;
		};
		22108F1818F3F5C200B10DB2 /* Resources */ = {
			isa = PBXResourcesBuildPhase;
			buildActionMask = 2147483647;
			files = (
				22108F2618F3F5C200B10DB2 /* InfoPlist.strings in Resources */,
			);
			runOnlyForDeploymentPostprocessing = 0;
		};
/* End PBXResourcesBuildPhase section */

/* Begin PBXSourcesBuildPhase section */
		22108EF518F3F5C100B10DB2 /* Sources */ = {
			isa = PBXSourcesBuildPhase;
			buildActionMask = 2147483647;
			files = (
				22108F1318F3F5C100B10DB2 /* DUKViewController.m in Sources */,
				22108F0918F3F5C100B10DB2 /* main.m in Sources */,
				22108F0D18F3F5C100B10DB2 /* DUKAppDelegate.m in Sources */,
			);
			runOnlyForDeploymentPostprocessing = 0;
		};
		22108F1618F3F5C200B10DB2 /* Sources */ = {
			isa = PBXSourcesBuildPhase;
			buildActionMask = 2147483647;
			files = (
				22108F2818F3F5C200B10DB2 /* UITableViewController_Challenge_SolutionTests.m in Sources */,
			);
			runOnlyForDeploymentPostprocessing = 0;
		};
/* End PBXSourcesBuildPhase section */

/* Begin PBXTargetDependency section */
		22108F2018F3F5C200B10DB2 /* PBXTargetDependency */ = {
			isa = PBXTargetDependency;
			target = 22108EF818F3F5C100B10DB2 /* UITableViewController Challenge Solution */;
			targetProxy = 22108F1F18F3F5C200B10DB2 /* PBXContainerItemProxy */;
		};
/* End PBXTargetDependency section */

/* Begin PBXVariantGroup section */
		22108F0518F3F5C100B10DB2 /* InfoPlist.strings */ = {
			isa = PBXVariantGroup;
			children = (
				22108F0618F3F5C100B10DB2 /* en */,
			);
			name = InfoPlist.strings;
			sourceTree = "<group>";
		};
		22108F0E18F3F5C100B10DB2 /* Main.storyboard */ = {
			isa = PBXVariantGroup;
			children = (
				22108F0F18F3F5C100B10DB2 /* Base */,
			);
			name = Main.storyboard;
			sourceTree = "<group>";
		};
		22108F2418F3F5C200B10DB2 /* InfoPlist.strings */ = {
			isa = PBXVariantGroup;
			children = (
				22108F2518F3F5C200B10DB2 /* en */,
			);
			name = InfoPlist.strings;
			sourceTree = "<group>";
		};
/* End PBXVariantGroup section */

/* Begin XCBuildConfiguration section */
		22108F2918F3F5C200B10DB2 /* Debug */ = {
			isa = XCBuildConfiguration;
			buildSettings = {
				ALWAYS_SEARCH_USER_PATHS = NO;
				CLANG_CXX_LANGUAGE_STANDARD = "gnu++0x";
				CLANG_CXX_LIBRARY = "libc++";
				CLANG_ENABLE_MODULES = YES;
				CLANG_ENABLE_OBJC_ARC = YES;
				CLANG_WARN_BOOL_CONVERSION = YES;
				CLANG_WARN_CONSTANT_CONVERSION = YES;
				CLANG_WARN_DIRECT_OBJC_ISA_USAGE = YES_ERROR;
				CLANG_WARN_EMPTY_BODY = YES;
				CLANG_WARN_ENUM_CONVERSION = YES;
				CLANG_WARN_INT_CONVERSION = YES;
				CLANG_WARN_OBJC_ROOT_CLASS = YES_ERROR;
				CLANG_WARN__DUPLICATE_METHOD_MATCH = YES;
				"CODE_SIGN_IDENTITY[sdk=iphoneos*]" = "iPhone Developer";
				COPY_PHASE_STRIP = NO;
				GCC_C_LANGUAGE_STANDARD = gnu99;
				GCC_DYNAMIC_NO_PIC = NO;
				GCC_OPTIMIZATION_LEVEL = 0;
				GCC_PREPROCESSOR_DEFINITIONS = (
					"DEBUG=1",
					"$(inherited)",
				);
				GCC_SYMBOLS_PRIVATE_EXTERN = NO;
				GCC_WARN_64_TO_32_BIT_CONVERSION = YES;
				GCC_WARN_ABOUT_RETURN_TYPE = YES_ERROR;
				GCC_WARN_UNDECLARED_SELECTOR = YES;
				GCC_WARN_UNINITIALIZED_AUTOS = YES_AGGRESSIVE;
				GCC_WARN_UNUSED_FUNCTION = YES;
				GCC_WARN_UNUSED_VARIABLE = YES;
				IPHONEOS_DEPLOYMENT_TARGET = 7.1;
				ONLY_ACTIVE_ARCH = YES;
				SDKROOT = iphoneos;
			};
			name = Debug;
		};
		22108F2A18F3F5C200B10DB2 /* Release */ = {
			isa = XCBuildConfiguration;
			buildSettings = {
				ALWAYS_SEARCH_USER_PATHS = NO;
				CLANG_CXX_LANGUAGE_STANDARD = "gnu++0x";
				CLANG_CXX_LIBRARY = "libc++";
				CLANG_ENABLE_MODULES = YES;
				CLANG_ENABLE_OBJC_ARC = YES;
				CLANG_WARN_BOOL_CONVERSION = YES;
				CLANG_WARN_CONSTANT_CONVERSION = YES;
				CLANG_WARN_DIRECT_OBJC_ISA_USAGE = YES_ERROR;
				CLANG_WARN_EMPTY_BODY = YES;
				CLANG_WARN_ENUM_CONVERSION = YES;
				CLANG_WARN_INT_CONVERSION = YES;
				CLANG_WARN_OBJC_ROOT_CLASS = YES_ERROR;
				CLANG_WARN__DUPLICATE_METHOD_MATCH = YES;
				"CODE_SIGN_IDENTITY[sdk=iphoneos*]" = "iPhone Developer";
				COPY_PHASE_STRIP = YES;
				ENABLE_NS_ASSERTIONS = NO;
				GCC_C_LANGUAGE_STANDARD = gnu99;
				GCC_WARN_64_TO_32_BIT_CONVERSION = YES;
				GCC_WARN_ABOUT_RETURN_TYPE = YES_ERROR;
				GCC_WARN_UNDECLARED_SELECTOR = YES;
				GCC_WARN_UNINITIALIZED_AUTOS = YES_AGGRESSIVE;
				GCC_WARN_UNUSED_FUNCTION = YES;
				GCC_WARN_UNUSED_VARIABLE = YES;
				IPHONEOS_DEPLOYMENT_TARGET = 7.1;
				SDKROOT = iphoneos;
				VALIDATE_PRODUCT = YES;
			};
			name = Release;
		};
		22108F2C18F3F5C200B10DB2 /* Debug */ = {
			isa = XCBuildConfiguration;
			buildSettings = {
				ASSETCATALOG_COMPILER_APPICON_NAME = AppIcon;
				ASSETCATALOG_COMPILER_LAUNCHIMAGE_NAME = LaunchImage;
				GCC_PRECOMPILE_PREFIX_HEADER = YES;
				GCC_PREFIX_HEADER = "UITableViewController Challenge Solution/UITableViewController Challenge Solution-Prefix.pch";
				INFOPLIST_FILE = "UITableViewController Challenge Solution/UITableViewController Challenge Solution-Info.plist";
				PRODUCT_NAME = "$(TARGET_NAME)";
				WRAPPER_EXTENSION = app;
			};
			name = Debug;
		};
		22108F2D18F3F5C200B10DB2 /* Release */ = {
			isa = XCBuildConfiguration;
			buildSettings = {
				ASSETCATALOG_COMPILER_APPICON_NAME = AppIcon;
				ASSETCATALOG_COMPILER_LAUNCHIMAGE_NAME = LaunchImage;
				GCC_PRECOMPILE_PREFIX_HEADER = YES;
				GCC_PREFIX_HEADER = "UITableViewController Challenge Solution/UITableViewController Challenge Solution-Prefix.pch";
				INFOPLIST_FILE = "UITableViewController Challenge Solution/UITableViewController Challenge Solution-Info.plist";
				PRODUCT_NAME = "$(TARGET_NAME)";
				WRAPPER_EXTENSION = app;
			};
			name = Release;
		};
		22108F2F18F3F5C200B10DB2 /* Debug */ = {
			isa = XCBuildConfiguration;
			buildSettings = {
				BUNDLE_LOADER = "$(BUILT_PRODUCTS_DIR)/UITableViewController Challenge Solution.app/UITableViewController Challenge Solution";
				FRAMEWORK_SEARCH_PATHS = (
					"$(SDKROOT)/Developer/Library/Frameworks",
					"$(inherited)",
					"$(DEVELOPER_FRAMEWORKS_DIR)",
				);
				GCC_PRECOMPILE_PREFIX_HEADER = YES;
				GCC_PREFIX_HEADER = "UITableViewController Challenge Solution/UITableViewController Challenge Solution-Prefix.pch";
				GCC_PREPROCESSOR_DEFINITIONS = (
					"DEBUG=1",
					"$(inherited)",
				);
				INFOPLIST_FILE = "UITableViewController Challenge SolutionTests/UITableViewController Challenge SolutionTests-Info.plist";
				PRODUCT_NAME = "$(TARGET_NAME)";
				TEST_HOST = "$(BUNDLE_LOADER)";
				WRAPPER_EXTENSION = xctest;
			};
			name = Debug;
		};
		22108F3018F3F5C200B10DB2 /* Release */ = {
			isa = XCBuildConfiguration;
			buildSettings = {
				BUNDLE_LOADER = "$(BUILT_PRODUCTS_DIR)/UITableViewController Challenge Solution.app/UITableViewController Challenge Solution";
				FRAMEWORK_SEARCH_PATHS = (
					"$(SDKROOT)/Developer/Library/Frameworks",
					"$(inherited)",
					"$(DEVELOPER_FRAMEWORKS_DIR)",
				);
				GCC_PRECOMPILE_PREFIX_HEADER = YES;
				GCC_PREFIX_HEADER = "UITableViewController Challenge Solution/UITableViewController Challenge Solution-Prefix.pch";
				INFOPLIST_FILE = "UITableViewController Challenge SolutionTests/UITableViewController Challenge SolutionTests-Info.plist";
				PRODUCT_NAME = "$(TARGET_NAME)";
				TEST_HOST = "$(BUNDLE_LOADER)";
				WRAPPER_EXTENSION = xctest;
			};
			name = Release;
		};
/* End XCBuildConfiguration section */

/* Begin XCConfigurationList section */
		22108EF418F3F5C100B10DB2 /* Build configuration list for PBXProject "UITableViewController Challenge Solution" */ = {
			isa = XCConfigurationList;
			buildConfigurations = (
				22108F2918F3F5C200B10DB2 /* Debug */,
				22108F2A18F3F5C200B10DB2 /* Release */,
			);
			defaultConfigurationIsVisible = 0;
			defaultConfigurationName = Release;
		};
		22108F2B18F3F5C200B10DB2 /* Build configuration list for PBXNativeTarget "UITableViewController Challenge Solution" */ = {
			isa = XCConfigurationList;
			buildConfigurations = (
				22108F2C18F3F5C200B10DB2 /* Debug */,
				22108F2D18F3F5C200B10DB2 /* Release */,
			);
			defaultConfigurationIsVisible = 0;
		};
		22108F2E18F3F5C200B10DB2 /* Build configuration list for PBXNativeTarget "UITableViewController Challenge SolutionTests" */ = {
			isa = XCConfigurationList;
			buildConfigurations = (
				22108F2F18F3F5C200B10DB2 /* Debug */,
				22108F3018F3F5C200B10DB2 /* Release */,
			);
			defaultConfigurationIsVisible = 0;
		};
/* End XCConfigurationList section */
	};
	rootObject = 22108EF118F3F5C100B10DB2 /* Project object */;
}
